
Microsoft Visual Studio Solution File, Format Version 12.00
# Visual Studio Version 16
VisualStudioVersion = 16.0.30320.27
MinimumVisualStudioVersion = 10.0.40219.1
Project("{FAE04EC0-301F-11D3-BF4B-00C04F79EFBC}") = "JsonParser", "JsonParser\JsonParser.csproj", "{12ECBC18-4B7D-4549-AD5C-89B3BBDE4F16}"
EndProject
Global
	GlobalSection(SolutionConfigurationPlatforms) = preSolution
		Debug|Any CPU = Debug|Any CPU
		Release|Any CPU = Release|Any CPU
	EndGlobalSection
	GlobalSection(ProjectConfigurationPlatforms) = postSolution
		{12ECBC18-4B7D-4549-AD5C-89B3BBDE4F16}.Debug|Any CPU.ActiveCfg = Debug|Any CPU
		{12ECBC18-4B7D-4549-AD5C-89B3BBDE4F16}.Debug|Any CPU.Build.0 = Debug|Any CPU
		{12ECBC18-4B7D-4549-AD5C-89B3BBDE4F16}.Release|Any CPU.ActiveCfg = Release|Any CPU
		{12ECBC18-4B7D-4549-AD5C-89B3BBDE4F16}.Release|Any CPU.Build.0 = Release|Any CPU
	EndGlobalSection
	GlobalSection(SolutionProperties) = preSolution
		HideSolutionNode = FALSE
	EndGlobalSection
	GlobalSection(ExtensibilityGlobals) = postSolution
		SolutionGuid = {E2B28C0C-CB93-42CA-A799-6B4D226E00E0}
	EndGlobalSection
EndGlobal
