
Microsoft Visual Studio Solution File, Format Version 12.00
# Visual Studio Version 16
VisualStudioVersion = 16.0.30204.135
MinimumVisualStudioVersion = 10.0.40219.1
Project("{FAE04EC0-301F-11D3-BF4B-00C04F79EFBC}") = "PrestaDeneme", "PrestaDeneme.csproj", "{EE374F5B-21C3-4F57-BC88-796D98793600}"
EndProject
Global
	GlobalSection(SolutionConfigurationPlatforms) = preSolution
		Debug|Any CPU = Debug|Any CPU
		Release|Any CPU = Release|Any CPU
	EndGlobalSection
	GlobalSection(ProjectConfigurationPlatforms) = postSolution
		{EE374F5B-21C3-4F57-BC88-796D98793600}.Debug|Any CPU.ActiveCfg = Debug|Any CPU
		{EE374F5B-21C3-4F57-BC88-796D98793600}.Debug|Any CPU.Build.0 = Debug|Any CPU
		{EE374F5B-21C3-4F57-BC88-796D98793600}.Release|Any CPU.ActiveCfg = Release|Any CPU
		{EE374F5B-21C3-4F57-BC88-796D98793600}.Release|Any CPU.Build.0 = Release|Any CPU
	EndGlobalSection
	GlobalSection(SolutionProperties) = preSolution
		HideSolutionNode = FALSE
	EndGlobalSection
	GlobalSection(ExtensibilityGlobals) = postSolution
		SolutionGuid = {89CD5BAA-3DA1-4FE2-8626-B961211C154B}
	EndGlobalSection
EndGlobal
