
Microsoft Visual Studio Solution File, Format Version 12.00
# Visual Studio Version 16
VisualStudioVersion = 16.0.30204.135
MinimumVisualStudioVersion = 10.0.40219.1
Project("{FAE04EC0-301F-11D3-BF4B-00C04F79EFBC}") = "MiniExamples", "MiniExamples.csproj", "{4E1776C2-57BF-4C59-9B96-8831B8C6A84E}"
EndProject
Global
	GlobalSection(SolutionConfigurationPlatforms) = preSolution
		Debug|Any CPU = Debug|Any CPU
		Release|Any CPU = Release|Any CPU
	EndGlobalSection
	GlobalSection(ProjectConfigurationPlatforms) = postSolution
		{4E1776C2-57BF-4C59-9B96-8831B8C6A84E}.Debug|Any CPU.ActiveCfg = Debug|Any CPU
		{4E1776C2-57BF-4C59-9B96-8831B8C6A84E}.Debug|Any CPU.Build.0 = Debug|Any CPU
		{4E1776C2-57BF-4C59-9B96-8831B8C6A84E}.Release|Any CPU.ActiveCfg = Release|Any CPU
		{4E1776C2-57BF-4C59-9B96-8831B8C6A84E}.Release|Any CPU.Build.0 = Release|Any CPU
	EndGlobalSection
	GlobalSection(SolutionProperties) = preSolution
		HideSolutionNode = FALSE
	EndGlobalSection
	GlobalSection(ExtensibilityGlobals) = postSolution
		SolutionGuid = {36950F93-E1C5-4F25-B182-08174B383182}
	EndGlobalSection
EndGlobal
